// !$*UTF8*$!
{
	archiveVersion = 1;
	classes = {
	};
	objectVersion = 46;
	objects = {

/* Begin PBXBuildFile section */
		A5EA0BE316BEC35F004DFA06 /* Foundation.framework in Frameworks */ = {isa = PBXBuildFile; fileRef = A5EA0BE216BEC35F004DFA06 /* Foundation.framework */; };
		A5EA0C0016BEC38D004DFA06 /* XMLRPCConnection.m in Sources */ = {isa = PBXBuildFile; fileRef = A5EA0BF116BEC38D004DFA06 /* XMLRPCConnection.m */; };
		A5EA0C0116BEC38D004DFA06 /* XMLRPCConnectionManager.m in Sources */ = {isa = PBXBuildFile; fileRef = A5EA0BF416BEC38D004DFA06 /* XMLRPCConnectionManager.m */; };
		A5EA0C0216BEC38D004DFA06 /* XMLRPCDefaultEncoder.m in Sources */ = {isa = PBXBuildFile; fileRef = A5EA0BF616BEC38D004DFA06 /* XMLRPCDefaultEncoder.m */; };
		A5EA0C0316BEC38D004DFA06 /* XMLRPCEventBasedParser.m in Sources */ = {isa = PBXBuildFile; fileRef = A5EA0BF916BEC38D004DFA06 /* XMLRPCEventBasedParser.m */; };
		A5EA0C0416BEC38D004DFA06 /* XMLRPCEventBasedParserDelegate.m in Sources */ = {isa = PBXBuildFile; fileRef = A5EA0BFB16BEC38D004DFA06 /* XMLRPCEventBasedParserDelegate.m */; };
		A5EA0C0516BEC38D004DFA06 /* XMLRPCRequest.m in Sources */ = {isa = PBXBuildFile; fileRef = A5EA0BFD16BEC38D004DFA06 /* XMLRPCRequest.m */; };
		A5EA0C0616BEC38D004DFA06 /* XMLRPCResponse.m in Sources */ = {isa = PBXBuildFile; fileRef = A5EA0BFF16BEC38D004DFA06 /* XMLRPCResponse.m */; };
		A5EA0C0C16BEC40C004DFA06 /* NSData+Base64.m in Sources */ = {isa = PBXBuildFile; fileRef = A5EA0C0916BEC40C004DFA06 /* NSData+Base64.m */; };
		A5EA0C0D16BEC40C004DFA06 /* NSStringAdditions.m in Sources */ = {isa = PBXBuildFile; fileRef = A5EA0C0B16BEC40C004DFA06 /* NSStringAdditions.m */; };
/* End PBXBuildFile section */

/* Begin PBXCopyFilesBuildPhase section */
		A5EA0BDD16BEC35F004DFA06 /* CopyFiles */ = {
			isa = PBXCopyFilesBuildPhase;
			buildActionMask = 2147483647;
			dstPath = "include/${PRODUCT_NAME}";
			dstSubfolderSpec = 16;
			files = (
			);
			runOnlyForDeploymentPostprocessing = 0;
		};
/* End PBXCopyFilesBuildPhase section */

/* Begin PBXFileReference section */
		A5EA0BDF16BEC35F004DFA06 /* libXML-RPC.a */ = {isa = PBXFileReference; explicitFileType = archive.ar; includeInIndex = 0; path = "libXML-RPC.a"; sourceTree = BUILT_PRODUCTS_DIR; };
		A5EA0BE216BEC35F004DFA06 /* Foundation.framework */ = {isa = PBXFileReference; lastKnownFileType = wrapper.framework; name = Foundation.framework; path = System/Library/Frameworks/Foundation.framework; sourceTree = SDKROOT; };
		A5EA0BE616BEC35F004DFA06 /* XML-RPC-Prefix.pch */ = {isa = PBXFileReference; lastKnownFileType = sourcecode.c.h; path = "XML-RPC-Prefix.pch"; sourceTree = "<group>"; };
		A5EA0BF016BEC38C004DFA06 /* XMLRPCConnection.h */ = {isa = PBXFileReference; fileEncoding = 4; lastKnownFileType = sourcecode.c.h; path = XMLRPCConnection.h; sourceTree = "<group>"; };
		A5EA0BF116BEC38D004DFA06 /* XMLRPCConnection.m */ = {isa = PBXFileReference; fileEncoding = 4; lastKnownFileType = sourcecode.c.objc; path = XMLRPCConnection.m; sourceTree = "<group>"; };
		A5EA0BF216BEC38D004DFA06 /* XMLRPCConnectionDelegate.h */ = {isa = PBXFileReference; fileEncoding = 4; lastKnownFileType = sourcecode.c.h; path = XMLRPCConnectionDelegate.h; sourceTree = "<group>"; };
		A5EA0BF316BEC38D004DFA06 /* XMLRPCConnectionManager.h */ = {isa = PBXFileReference; fileEncoding = 4; lastKnownFileType = sourcecode.c.h; path = XMLRPCConnectionManager.h; sourceTree = "<group>"; };
		A5EA0BF416BEC38D004DFA06 /* XMLRPCConnectionManager.m */ = {isa = PBXFileReference; fileEncoding = 4; lastKnownFileType = sourcecode.c.objc; path = XMLRPCConnectionManager.m; sourceTree = "<group>"; };
		A5EA0BF516BEC38D004DFA06 /* XMLRPCDefaultEncoder.h */ = {isa = PBXFileReference; fileEncoding = 4; lastKnownFileType = sourcecode.c.h; path = XMLRPCDefaultEncoder.h; sourceTree = "<group>"; };
		A5EA0BF616BEC38D004DFA06 /* XMLRPCDefaultEncoder.m */ = {isa = PBXFileReference; fileEncoding = 4; lastKnownFileType = sourcecode.c.objc; path = XMLRPCDefaultEncoder.m; sourceTree = "<group>"; };
		A5EA0BF716BEC38D004DFA06 /* XMLRPCEncoder.h */ = {isa = PBXFileReference; fileEncoding = 4; lastKnownFileType = sourcecode.c.h; path = XMLRPCEncoder.h; sourceTree = "<group>"; };
		A5EA0BF816BEC38D004DFA06 /* XMLRPCEventBasedParser.h */ = {isa = PBXFileReference; fileEncoding = 4; lastKnownFileType = sourcecode.c.h; path = XMLRPCEventBasedParser.h; sourceTree = "<group>"; };
		A5EA0BF916BEC38D004DFA06 /* XMLRPCEventBasedParser.m */ = {isa = PBXFileReference; fileEncoding = 4; lastKnownFileType = sourcecode.c.objc; path = XMLRPCEventBasedParser.m; sourceTree = "<group>"; };
		A5EA0BFA16BEC38D004DFA06 /* XMLRPCEventBasedParserDelegate.h */ = {isa = PBXFileReference; fileEncoding = 4; lastKnownFileType = sourcecode.c.h; path = XMLRPCEventBasedParserDelegate.h; sourceTree = "<group>"; };
		A5EA0BFB16BEC38D004DFA06 /* XMLRPCEventBasedParserDelegate.m */ = {isa = PBXFileReference; fileEncoding = 4; lastKnownFileType = sourcecode.c.objc; path = XMLRPCEventBasedParserDelegate.m; sourceTree = "<group>"; };
		A5EA0BFC16BEC38D004DFA06 /* XMLRPCRequest.h */ = {isa = PBXFileReference; fileEncoding = 4; lastKnownFileType = sourcecode.c.h; path = XMLRPCRequest.h; sourceTree = "<group>"; };
		A5EA0BFD16BEC38D004DFA06 /* XMLRPCRequest.m */ = {isa = PBXFileReference; fileEncoding = 4; lastKnownFileType = sourcecode.c.objc; path = XMLRPCRequest.m; sourceTree = "<group>"; };
		A5EA0BFE16BEC38D004DFA06 /* XMLRPCResponse.h */ = {isa = PBXFileReference; fileEncoding = 4; lastKnownFileType = sourcecode.c.h; path = XMLRPCResponse.h; sourceTree = "<group>"; };
		A5EA0BFF16BEC38D004DFA06 /* XMLRPCResponse.m */ = {isa = PBXFileReference; fileEncoding = 4; lastKnownFileType = sourcecode.c.objc; path = XMLRPCResponse.m; sourceTree = "<group>"; };
		A5EA0C0816BEC40C004DFA06 /* NSData+Base64.h */ = {isa = PBXFileReference; fileEncoding = 4; lastKnownFileType = sourcecode.c.h; path = "NSData+Base64.h"; sourceTree = "<group>"; };
		A5EA0C0916BEC40C004DFA06 /* NSData+Base64.m */ = {isa = PBXFileReference; fileEncoding = 4; lastKnownFileType = sourcecode.c.objc; path = "NSData+Base64.m"; sourceTree = "<group>"; };
		A5EA0C0A16BEC40C004DFA06 /* NSStringAdditions.h */ = {isa = PBXFileReference; fileEncoding = 4; lastKnownFileType = sourcecode.c.h; path = NSStringAdditions.h; sourceTree = "<group>"; };
		A5EA0C0B16BEC40C004DFA06 /* NSStringAdditions.m */ = {isa = PBXFileReference; fileEncoding = 4; lastKnownFileType = sourcecode.c.objc; path = NSStringAdditions.m; sourceTree = "<group>"; };
/* End PBXFileReference section */

/* Begin PBXFrameworksBuildPhase section */
		A5EA0BDC16BEC35F004DFA06 /* Frameworks */ = {
			isa = PBXFrameworksBuildPhase;
			buildActionMask = 2147483647;
			files = (
				A5EA0BE316BEC35F004DFA06 /* Foundation.framework in Frameworks */,
			);
			runOnlyForDeploymentPostprocessing = 0;
		};
/* End PBXFrameworksBuildPhase section */

/* Begin PBXGroup section */
		A5EA0BD616BEC35F004DFA06 = {
			isa = PBXGroup;
			children = (
				A5EA0BE416BEC35F004DFA06 /* XML-RPC */,
				A5EA0BE116BEC35F004DFA06 /* Frameworks */,
				A5EA0BE016BEC35F004DFA06 /* Products */,
			);
			sourceTree = "<group>";
		};
		A5EA0BE016BEC35F004DFA06 /* Products */ = {
			isa = PBXGroup;
			children = (
				A5EA0BDF16BEC35F004DFA06 /* libXML-RPC.a */,
			);
			name = Products;
			sourceTree = "<group>";
		};
		A5EA0BE116BEC35F004DFA06 /* Frameworks */ = {
			isa = PBXGroup;
			children = (
				A5EA0BE216BEC35F004DFA06 /* Foundation.framework */,
			);
			name = Frameworks;
			sourceTree = "<group>";
		};
		A5EA0BE416BEC35F004DFA06 /* XML-RPC */ = {
			isa = PBXGroup;
			children = (
				A5EA0C0716BEC40C004DFA06 /* Categories */,
				A5EA0BF016BEC38C004DFA06 /* XMLRPCConnection.h */,
				A5EA0BF116BEC38D004DFA06 /* XMLRPCConnection.m */,
				A5EA0BF216BEC38D004DFA06 /* XMLRPCConnectionDelegate.h */,
				A5EA0BF316BEC38D004DFA06 /* XMLRPCConnectionManager.h */,
				A5EA0BF416BEC38D004DFA06 /* XMLRPCConnectionManager.m */,
				A5EA0BF516BEC38D004DFA06 /* XMLRPCDefaultEncoder.h */,
				A5EA0BF616BEC38D004DFA06 /* XMLRPCDefaultEncoder.m */,
				A5EA0BF716BEC38D004DFA06 /* XMLRPCEncoder.h */,
				A5EA0BF816BEC38D004DFA06 /* XMLRPCEventBasedParser.h */,
				A5EA0BF916BEC38D004DFA06 /* XMLRPCEventBasedParser.m */,
				A5EA0BFA16BEC38D004DFA06 /* XMLRPCEventBasedParserDelegate.h */,
				A5EA0BFB16BEC38D004DFA06 /* XMLRPCEventBasedParserDelegate.m */,
				A5EA0BFC16BEC38D004DFA06 /* XMLRPCRequest.h */,
				A5EA0BFD16BEC38D004DFA06 /* XMLRPCRequest.m */,
				A5EA0BFE16BEC38D004DFA06 /* XMLRPCResponse.h */,
				A5EA0BFF16BEC38D004DFA06 /* XMLRPCResponse.m */,
				A5EA0BE516BEC35F004DFA06 /* Supporting Files */,
			);
			path = "XML-RPC";
			sourceTree = "<group>";
		};
		A5EA0BE516BEC35F004DFA06 /* Supporting Files */ = {
			isa = PBXGroup;
			children = (
				A5EA0BE616BEC35F004DFA06 /* XML-RPC-Prefix.pch */,
			);
			name = "Supporting Files";
			sourceTree = "<group>";
		};
		A5EA0C0716BEC40C004DFA06 /* Categories */ = {
			isa = PBXGroup;
			children = (
				A5EA0C0816BEC40C004DFA06 /* NSData+Base64.h */,
				A5EA0C0916BEC40C004DFA06 /* NSData+Base64.m */,
				A5EA0C0A16BEC40C004DFA06 /* NSStringAdditions.h */,
				A5EA0C0B16BEC40C004DFA06 /* NSStringAdditions.m */,
			);
			path = Categories;
			sourceTree = "<group>";
		};
/* End PBXGroup section */

/* Begin PBXNativeTarget section */
		A5EA0BDE16BEC35F004DFA06 /* XML-RPC */ = {
			isa = PBXNativeTarget;
			buildConfigurationList = A5EA0BED16BEC35F004DFA06 /* Build configuration list for PBXNativeTarget "XML-RPC" */;
			buildPhases = (
				A5EA0BDB16BEC35F004DFA06 /* Sources */,
				A5EA0BDC16BEC35F004DFA06 /* Frameworks */,
				A5EA0BDD16BEC35F004DFA06 /* CopyFiles */,
			);
			buildRules = (
			);
			dependencies = (
			);
			name = "XML-RPC";
			productName = "XML-RPC";
			productReference = A5EA0BDF16BEC35F004DFA06 /* libXML-RPC.a */;
			productType = "com.apple.product-type.library.static";
		};
/* End PBXNativeTarget section */

/* Begin PBXProject section */
		A5EA0BD716BEC35F004DFA06 /* Project object */ = {
			isa = PBXProject;
			attributes = {
				LastUpgradeCheck = 0460;
				ORGANIZATIONNAME = "Les Petits Débrouillards Bretagne";
			};
			buildConfigurationList = A5EA0BDA16BEC35F004DFA06 /* Build configuration list for PBXProject "XML-RPC" */;
			compatibilityVersion = "Xcode 3.2";
			developmentRegion = English;
			hasScannedForEncodings = 0;
			knownRegions = (
				en,
			);
			mainGroup = A5EA0BD616BEC35F004DFA06;
			productRefGroup = A5EA0BE016BEC35F004DFA06 /* Products */;
			projectDirPath = "";
			projectRoot = "";
			targets = (
				A5EA0BDE16BEC35F004DFA06 /* XML-RPC */,
			);
		};
/* End PBXProject section */

/* Begin PBXSourcesBuildPhase section */
		A5EA0BDB16BEC35F004DFA06 /* Sources */ = {
			isa = PBXSourcesBuildPhase;
			buildActionMask = 2147483647;
			files = (
				A5EA0C0016BEC38D004DFA06 /* XMLRPCConnection.m in Sources */,
				A5EA0C0116BEC38D004DFA06 /* XMLRPCConnectionManager.m in Sources */,
				A5EA0C0216BEC38D004DFA06 /* XMLRPCDefaultEncoder.m in Sources */,
				A5EA0C0316BEC38D004DFA06 /* XMLRPCEventBasedParser.m in Sources */,
				A5EA0C0416BEC38D004DFA06 /* XMLRPCEventBasedParserDelegate.m in Sources */,
				A5EA0C0516BEC38D004DFA06 /* XMLRPCRequest.m in Sources */,
				A5EA0C0616BEC38D004DFA06 /* XMLRPCResponse.m in Sources */,
				A5EA0C0C16BEC40C004DFA06 /* NSData+Base64.m in Sources */,
				A5EA0C0D16BEC40C004DFA06 /* NSStringAdditions.m in Sources */,
			);
			runOnlyForDeploymentPostprocessing = 0;
		};
/* End PBXSourcesBuildPhase section */

/* Begin XCBuildConfiguration section */
		A5EA0BEB16BEC35F004DFA06 /* Debug */ = {
			isa = XCBuildConfiguration;
			buildSettings = {
				ALWAYS_SEARCH_USER_PATHS = NO;
				CLANG_CXX_LANGUAGE_STANDARD = "gnu++0x";
				CLANG_CXX_LIBRARY = "libc++";
				CLANG_WARN_CONSTANT_CONVERSION = YES;
				CLANG_WARN_EMPTY_BODY = YES;
				CLANG_WARN_ENUM_CONVERSION = YES;
				CLANG_WARN_INT_CONVERSION = YES;
				CLANG_WARN__DUPLICATE_METHOD_MATCH = YES;
				COPY_PHASE_STRIP = NO;
				GCC_C_LANGUAGE_STANDARD = gnu99;
				GCC_DYNAMIC_NO_PIC = NO;
				GCC_OPTIMIZATION_LEVEL = 0;
				GCC_PREPROCESSOR_DEFINITIONS = (
					"DEBUG=1",
					"$(inherited)",
				);
				GCC_SYMBOLS_PRIVATE_EXTERN = NO;
				GCC_WARN_ABOUT_RETURN_TYPE = YES;
				GCC_WARN_UNINITIALIZED_AUTOS = YES;
				GCC_WARN_UNUSED_VARIABLE = YES;
				IPHONEOS_DEPLOYMENT_TARGET = 6.1;
				ONLY_ACTIVE_ARCH = YES;
				OTHER_LDFLAGS = "-ObjC";
				SDKROOT = iphoneos;
			};
			name = Debug;
		};
		A5EA0BEC16BEC35F004DFA06 /* Release */ = {
			isa = XCBuildConfiguration;
			buildSettings = {
				ALWAYS_SEARCH_USER_PATHS = NO;
				CLANG_CXX_LANGUAGE_STANDARD = "gnu++0x";
				CLANG_CXX_LIBRARY = "libc++";
				CLANG_WARN_CONSTANT_CONVERSION = YES;
				CLANG_WARN_EMPTY_BODY = YES;
				CLANG_WARN_ENUM_CONVERSION = YES;
				CLANG_WARN_INT_CONVERSION = YES;
				CLANG_WARN__DUPLICATE_METHOD_MATCH = YES;
				COPY_PHASE_STRIP = YES;
				GCC_C_LANGUAGE_STANDARD = gnu99;
				GCC_WARN_ABOUT_RETURN_TYPE = YES;
				GCC_WARN_UNINITIALIZED_AUTOS = YES;
				GCC_WARN_UNUSED_VARIABLE = YES;
				IPHONEOS_DEPLOYMENT_TARGET = 6.1;
				OTHER_LDFLAGS = "-ObjC";
				SDKROOT = iphoneos;
				VALIDATE_PRODUCT = YES;
			};
			name = Release;
		};
		A5EA0BEE16BEC35F004DFA06 /* Debug */ = {
			isa = XCBuildConfiguration;
			buildSettings = {
				DSTROOT = /tmp/XML_RPC.dst;
				GCC_PRECOMPILE_PREFIX_HEADER = YES;
				GCC_PREFIX_HEADER = "XML-RPC/XML-RPC-Prefix.pch";
				ONLY_ACTIVE_ARCH = NO;
				OTHER_LDFLAGS = "-ObjC";
				PRODUCT_NAME = "$(TARGET_NAME)";
				SKIP_INSTALL = YES;
			};
			name = Debug;
		};
		A5EA0BEF16BEC35F004DFA06 /* Release */ = {
			isa = XCBuildConfiguration;
			buildSettings = {
				DSTROOT = /tmp/XML_RPC.dst;
				GCC_PRECOMPILE_PREFIX_HEADER = YES;
				GCC_PREFIX_HEADER = "XML-RPC/XML-RPC-Prefix.pch";
				OTHER_LDFLAGS = "-ObjC";
				PRODUCT_NAME = "$(TARGET_NAME)";
				SKIP_INSTALL = YES;
			};
			name = Release;
		};
/* End XCBuildConfiguration section */

/* Begin XCConfigurationList section */
		A5EA0BDA16BEC35F004DFA06 /* Build configuration list for PBXProject "XML-RPC" */ = {
			isa = XCConfigurationList;
			buildConfigurations = (
				A5EA0BEB16BEC35F004DFA06 /* Debug */,
				A5EA0BEC16BEC35F004DFA06 /* Release */,
			);
			defaultConfigurationIsVisible = 0;
			defaultConfigurationName = Release;
		};
		A5EA0BED16BEC35F004DFA06 /* Build configuration list for PBXNativeTarget "XML-RPC" */ = {
			isa = XCConfigurationList;
			buildConfigurations = (
				A5EA0BEE16BEC35F004DFA06 /* Debug */,
				A5EA0BEF16BEC35F004DFA06 /* Release */,
			);
			defaultConfigurationIsVisible = 0;
		};
/* End XCConfigurationList section */
	};
	rootObject = A5EA0BD716BEC35F004DFA06 /* Project object */;
}
