// !$*UTF8*$!
{
	archiveVersion = 1;
	classes = {
	};
	objectVersion = 46;
	objects = {

/* Begin PBXBuildFile section */
		A5EA0B4A16BEBBF6004DFA06 /* Foundation.framework in Frameworks */ = {isa = PBXBuildFile; fileRef = A5EA0B4916BEBBF6004DFA06 /* Foundation.framework */; };
		A5EA0B5F16BEBC5B004DFA06 /* EGOCache.m in Sources */ = {isa = PBXBuildFile; fileRef = A5EA0B5916BEBC5B004DFA06 /* EGOCache.m */; };
		A5EA0B6016BEBC5B004DFA06 /* EGOImageLoadConnection.m in Sources */ = {isa = PBXBuildFile; fileRef = A5EA0B5C16BEBC5B004DFA06 /* EGOImageLoadConnection.m */; };
		A5EA0B6116BEBC5B004DFA06 /* EGOImageLoader.m in Sources */ = {isa = PBXBuildFile; fileRef = A5EA0B5E16BEBC5B004DFA06 /* EGOImageLoader.m */; };
		A5EA0B8516BEBC6A004DFA06 /* EGOPhotoViewController.m in Sources */ = {isa = PBXBuildFile; fileRef = A5EA0B6516BEBC6A004DFA06 /* EGOPhotoViewController.m */; };
		A5EA0B8616BEBC6A004DFA06 /* EGOQuickPhoto.m in Sources */ = {isa = PBXBuildFile; fileRef = A5EA0B6C16BEBC6A004DFA06 /* EGOQuickPhoto.m */; };
		A5EA0B8716BEBC6A004DFA06 /* EGOQuickPhotoSource.m in Sources */ = {isa = PBXBuildFile; fileRef = A5EA0B6E16BEBC6A004DFA06 /* EGOQuickPhotoSource.m */; };
		A5EA0B8816BEBC6A004DFA06 /* EGOPhotoCaptionView.m in Sources */ = {isa = PBXBuildFile; fileRef = A5EA0B7E16BEBC6A004DFA06 /* EGOPhotoCaptionView.m */; };
		A5EA0B8916BEBC6A004DFA06 /* EGOPhotoImageView.m in Sources */ = {isa = PBXBuildFile; fileRef = A5EA0B8116BEBC6A004DFA06 /* EGOPhotoImageView.m */; };
		A5EA0B8A16BEBC6A004DFA06 /* EGOPhotoScrollView.m in Sources */ = {isa = PBXBuildFile; fileRef = A5EA0B8416BEBC6A004DFA06 /* EGOPhotoScrollView.m */; };
		A5EA0B8C16BEBC94004DFA06 /* UIKit.framework in Frameworks */ = {isa = PBXBuildFile; fileRef = A5EA0B8B16BEBC94004DFA06 /* UIKit.framework */; };
/* End PBXBuildFile section */

/* Begin PBXCopyFilesBuildPhase section */
		A5EA0B4416BEBBF6004DFA06 /* CopyFiles */ = {
			isa = PBXCopyFilesBuildPhase;
			buildActionMask = 2147483647;
			dstPath = "include/${PRODUCT_NAME}";
			dstSubfolderSpec = 16;
			files = (
			);
			runOnlyForDeploymentPostprocessing = 0;
		};
/* End PBXCopyFilesBuildPhase section */

/* Begin PBXFileReference section */
		A5EA0B4616BEBBF6004DFA06 /* libEGOPhotoViewer.a */ = {isa = PBXFileReference; explicitFileType = archive.ar; includeInIndex = 0; path = libEGOPhotoViewer.a; sourceTree = BUILT_PRODUCTS_DIR; };
		A5EA0B4916BEBBF6004DFA06 /* Foundation.framework */ = {isa = PBXFileReference; lastKnownFileType = wrapper.framework; name = Foundation.framework; path = System/Library/Frameworks/Foundation.framework; sourceTree = SDKROOT; };
		A5EA0B4D16BEBBF6004DFA06 /* EGOPhotoViewer-Prefix.pch */ = {isa = PBXFileReference; lastKnownFileType = sourcecode.c.h; path = "EGOPhotoViewer-Prefix.pch"; sourceTree = "<group>"; };
		A5EA0B5816BEBC5B004DFA06 /* EGOCache.h */ = {isa = PBXFileReference; fileEncoding = 4; lastKnownFileType = sourcecode.c.h; path = EGOCache.h; sourceTree = "<group>"; };
		A5EA0B5916BEBC5B004DFA06 /* EGOCache.m */ = {isa = PBXFileReference; fileEncoding = 4; lastKnownFileType = sourcecode.c.objc; path = EGOCache.m; sourceTree = "<group>"; };
		A5EA0B5B16BEBC5B004DFA06 /* EGOImageLoadConnection.h */ = {isa = PBXFileReference; fileEncoding = 4; lastKnownFileType = sourcecode.c.h; path = EGOImageLoadConnection.h; sourceTree = "<group>"; };
		A5EA0B5C16BEBC5B004DFA06 /* EGOImageLoadConnection.m */ = {isa = PBXFileReference; fileEncoding = 4; lastKnownFileType = sourcecode.c.objc; path = EGOImageLoadConnection.m; sourceTree = "<group>"; };
		A5EA0B5D16BEBC5B004DFA06 /* EGOImageLoader.h */ = {isa = PBXFileReference; fileEncoding = 4; lastKnownFileType = sourcecode.c.h; path = EGOImageLoader.h; sourceTree = "<group>"; };
		A5EA0B5E16BEBC5B004DFA06 /* EGOImageLoader.m */ = {isa = PBXFileReference; fileEncoding = 4; lastKnownFileType = sourcecode.c.objc; path = EGOImageLoader.m; sourceTree = "<group>"; };
		A5EA0B6416BEBC6A004DFA06 /* EGOPhotoViewController.h */ = {isa = PBXFileReference; fileEncoding = 4; lastKnownFileType = sourcecode.c.h; path = EGOPhotoViewController.h; sourceTree = "<group>"; };
		A5EA0B6516BEBC6A004DFA06 /* EGOPhotoViewController.m */ = {isa = PBXFileReference; fileEncoding = 4; lastKnownFileType = sourcecode.c.objc; path = EGOPhotoViewController.m; sourceTree = "<group>"; };
		A5EA0B6616BEBC6A004DFA06 /* EGOPhotoGlobal.h */ = {isa = PBXFileReference; fileEncoding = 4; lastKnownFileType = sourcecode.c.h; path = EGOPhotoGlobal.h; sourceTree = "<group>"; };
		A5EA0B6916BEBC6A004DFA06 /* EGOPhotoSource.h */ = {isa = PBXFileReference; fileEncoding = 4; lastKnownFileType = sourcecode.c.h; path = EGOPhotoSource.h; sourceTree = "<group>"; };
		A5EA0B6B16BEBC6A004DFA06 /* EGOQuickPhoto.h */ = {isa = PBXFileReference; fileEncoding = 4; lastKnownFileType = sourcecode.c.h; path = EGOQuickPhoto.h; sourceTree = "<group>"; };
		A5EA0B6C16BEBC6A004DFA06 /* EGOQuickPhoto.m */ = {isa = PBXFileReference; fileEncoding = 4; lastKnownFileType = sourcecode.c.objc; path = EGOQuickPhoto.m; sourceTree = "<group>"; };
		A5EA0B6D16BEBC6A004DFA06 /* EGOQuickPhotoSource.h */ = {isa = PBXFileReference; fileEncoding = 4; lastKnownFileType = sourcecode.c.h; path = EGOQuickPhotoSource.h; sourceTree = "<group>"; };
		A5EA0B6E16BEBC6A004DFA06 /* EGOQuickPhotoSource.m */ = {isa = PBXFileReference; fileEncoding = 4; lastKnownFileType = sourcecode.c.objc; path = EGOQuickPhotoSource.m; sourceTree = "<group>"; };
		A5EA0B7D16BEBC6A004DFA06 /* EGOPhotoCaptionView.h */ = {isa = PBXFileReference; fileEncoding = 4; lastKnownFileType = sourcecode.c.h; path = EGOPhotoCaptionView.h; sourceTree = "<group>"; };
		A5EA0B7E16BEBC6A004DFA06 /* EGOPhotoCaptionView.m */ = {isa = PBXFileReference; fileEncoding = 4; lastKnownFileType = sourcecode.c.objc; path = EGOPhotoCaptionView.m; sourceTree = "<group>"; };
		A5EA0B8016BEBC6A004DFA06 /* EGOPhotoImageView.h */ = {isa = PBXFileReference; fileEncoding = 4; lastKnownFileType = sourcecode.c.h; path = EGOPhotoImageView.h; sourceTree = "<group>"; };
		A5EA0B8116BEBC6A004DFA06 /* EGOPhotoImageView.m */ = {isa = PBXFileReference; fileEncoding = 4; lastKnownFileType = sourcecode.c.objc; path = EGOPhotoImageView.m; sourceTree = "<group>"; };
		A5EA0B8316BEBC6A004DFA06 /* EGOPhotoScrollView.h */ = {isa = PBXFileReference; fileEncoding = 4; lastKnownFileType = sourcecode.c.h; path = EGOPhotoScrollView.h; sourceTree = "<group>"; };
		A5EA0B8416BEBC6A004DFA06 /* EGOPhotoScrollView.m */ = {isa = PBXFileReference; fileEncoding = 4; lastKnownFileType = sourcecode.c.objc; path = EGOPhotoScrollView.m; sourceTree = "<group>"; };
		A5EA0B8B16BEBC94004DFA06 /* UIKit.framework */ = {isa = PBXFileReference; lastKnownFileType = wrapper.framework; name = UIKit.framework; path = System/Library/Frameworks/UIKit.framework; sourceTree = SDKROOT; };
/* End PBXFileReference section */

/* Begin PBXFrameworksBuildPhase section */
		A5EA0B4316BEBBF6004DFA06 /* Frameworks */ = {
			isa = PBXFrameworksBuildPhase;
			buildActionMask = 2147483647;
			files = (
				A5EA0B8C16BEBC94004DFA06 /* UIKit.framework in Frameworks */,
				A5EA0B4A16BEBBF6004DFA06 /* Foundation.framework in Frameworks */,
			);
			runOnlyForDeploymentPostprocessing = 0;
		};
/* End PBXFrameworksBuildPhase section */

/* Begin PBXGroup section */
		A5EA0B3D16BEBBF6004DFA06 = {
			isa = PBXGroup;
			children = (
				A5EA0B5716BEBC5B004DFA06 /* EGOCache */,
				A5EA0B5A16BEBC5B004DFA06 /* EGOImageLoader */,
				A5EA0B4B16BEBBF6004DFA06 /* EGOPhotoViewer */,
				A5EA0B4816BEBBF6004DFA06 /* Frameworks */,
				A5EA0B4716BEBBF6004DFA06 /* Products */,
			);
			sourceTree = "<group>";
		};
		A5EA0B4716BEBBF6004DFA06 /* Products */ = {
			isa = PBXGroup;
			children = (
				A5EA0B4616BEBBF6004DFA06 /* libEGOPhotoViewer.a */,
			);
			name = Products;
			sourceTree = "<group>";
		};
		A5EA0B4816BEBBF6004DFA06 /* Frameworks */ = {
			isa = PBXGroup;
			children = (
				A5EA0B8B16BEBC94004DFA06 /* UIKit.framework */,
				A5EA0B4916BEBBF6004DFA06 /* Foundation.framework */,
			);
			name = Frameworks;
			sourceTree = "<group>";
		};
		A5EA0B4B16BEBBF6004DFA06 /* EGOPhotoViewer */ = {
			isa = PBXGroup;
			children = (
				A5EA0B6216BEBC6A004DFA06 /* Controller */,
				A5EA0B6616BEBC6A004DFA06 /* EGOPhotoGlobal.h */,
				A5EA0B6716BEBC6A004DFA06 /* Model */,
				A5EA0B7B16BEBC6A004DFA06 /* Views */,
				A5EA0B4C16BEBBF6004DFA06 /* Supporting Files */,
			);
			path = EGOPhotoViewer;
			sourceTree = "<group>";
		};
		A5EA0B4C16BEBBF6004DFA06 /* Supporting Files */ = {
			isa = PBXGroup;
			children = (
				A5EA0B4D16BEBBF6004DFA06 /* EGOPhotoViewer-Prefix.pch */,
			);
			name = "Supporting Files";
			sourceTree = "<group>";
		};
		A5EA0B5716BEBC5B004DFA06 /* EGOCache */ = {
			isa = PBXGroup;
			children = (
				A5EA0B5816BEBC5B004DFA06 /* EGOCache.h */,
				A5EA0B5916BEBC5B004DFA06 /* EGOCache.m */,
			);
			path = EGOCache;
			sourceTree = "<group>";
		};
		A5EA0B5A16BEBC5B004DFA06 /* EGOImageLoader */ = {
			isa = PBXGroup;
			children = (
				A5EA0B5B16BEBC5B004DFA06 /* EGOImageLoadConnection.h */,
				A5EA0B5C16BEBC5B004DFA06 /* EGOImageLoadConnection.m */,
				A5EA0B5D16BEBC5B004DFA06 /* EGOImageLoader.h */,
				A5EA0B5E16BEBC5B004DFA06 /* EGOImageLoader.m */,
			);
			path = EGOImageLoader;
			sourceTree = "<group>";
		};
		A5EA0B6216BEBC6A004DFA06 /* Controller */ = {
			isa = PBXGroup;
			children = (
				A5EA0B6316BEBC6A004DFA06 /* EGOPhotoViewController */,
			);
			path = Controller;
			sourceTree = "<group>";
		};
		A5EA0B6316BEBC6A004DFA06 /* EGOPhotoViewController */ = {
			isa = PBXGroup;
			children = (
				A5EA0B6416BEBC6A004DFA06 /* EGOPhotoViewController.h */,
				A5EA0B6516BEBC6A004DFA06 /* EGOPhotoViewController.m */,
			);
			path = EGOPhotoViewController;
			sourceTree = "<group>";
		};
		A5EA0B6716BEBC6A004DFA06 /* Model */ = {
			isa = PBXGroup;
			children = (
				A5EA0B6816BEBC6A004DFA06 /* EGOPhotoSource */,
				A5EA0B6A16BEBC6A004DFA06 /* EGOQuickPhoto */,
			);
			path = Model;
			sourceTree = "<group>";
		};
		A5EA0B6816BEBC6A004DFA06 /* EGOPhotoSource */ = {
			isa = PBXGroup;
			children = (
				A5EA0B6916BEBC6A004DFA06 /* EGOPhotoSource.h */,
			);
			path = EGOPhotoSource;
			sourceTree = "<group>";
		};
		A5EA0B6A16BEBC6A004DFA06 /* EGOQuickPhoto */ = {
			isa = PBXGroup;
			children = (
				A5EA0B6B16BEBC6A004DFA06 /* EGOQuickPhoto.h */,
				A5EA0B6C16BEBC6A004DFA06 /* EGOQuickPhoto.m */,
				A5EA0B6D16BEBC6A004DFA06 /* EGOQuickPhotoSource.h */,
				A5EA0B6E16BEBC6A004DFA06 /* EGOQuickPhotoSource.m */,
			);
			path = EGOQuickPhoto;
			sourceTree = "<group>";
		};
		A5EA0B7B16BEBC6A004DFA06 /* Views */ = {
			isa = PBXGroup;
			children = (
				A5EA0B7C16BEBC6A004DFA06 /* EGOPhotoCaptionView */,
				A5EA0B7F16BEBC6A004DFA06 /* EGOPhotoImageView */,
				A5EA0B8216BEBC6A004DFA06 /* EGOPhotoScrollView */,
			);
			path = Views;
			sourceTree = "<group>";
		};
		A5EA0B7C16BEBC6A004DFA06 /* EGOPhotoCaptionView */ = {
			isa = PBXGroup;
			children = (
				A5EA0B7D16BEBC6A004DFA06 /* EGOPhotoCaptionView.h */,
				A5EA0B7E16BEBC6A004DFA06 /* EGOPhotoCaptionView.m */,
			);
			path = EGOPhotoCaptionView;
			sourceTree = "<group>";
		};
		A5EA0B7F16BEBC6A004DFA06 /* EGOPhotoImageView */ = {
			isa = PBXGroup;
			children = (
				A5EA0B8016BEBC6A004DFA06 /* EGOPhotoImageView.h */,
				A5EA0B8116BEBC6A004DFA06 /* EGOPhotoImageView.m */,
			);
			path = EGOPhotoImageView;
			sourceTree = "<group>";
		};
		A5EA0B8216BEBC6A004DFA06 /* EGOPhotoScrollView */ = {
			isa = PBXGroup;
			children = (
				A5EA0B8316BEBC6A004DFA06 /* EGOPhotoScrollView.h */,
				A5EA0B8416BEBC6A004DFA06 /* EGOPhotoScrollView.m */,
			);
			path = EGOPhotoScrollView;
			sourceTree = "<group>";
		};
/* End PBXGroup section */

/* Begin PBXNativeTarget section */
		A5EA0B4516BEBBF6004DFA06 /* EGOPhotoViewer */ = {
			isa = PBXNativeTarget;
			buildConfigurationList = A5EA0B5416BEBBF6004DFA06 /* Build configuration list for PBXNativeTarget "EGOPhotoViewer" */;
			buildPhases = (
				A5EA0B4216BEBBF6004DFA06 /* Sources */,
				A5EA0B4316BEBBF6004DFA06 /* Frameworks */,
				A5EA0B4416BEBBF6004DFA06 /* CopyFiles */,
			);
			buildRules = (
			);
			dependencies = (
			);
			name = EGOPhotoViewer;
			productName = EGOPhotoViewer;
			productReference = A5EA0B4616BEBBF6004DFA06 /* libEGOPhotoViewer.a */;
			productType = "com.apple.product-type.library.static";
		};
/* End PBXNativeTarget section */

/* Begin PBXProject section */
		A5EA0B3E16BEBBF6004DFA06 /* Project object */ = {
			isa = PBXProject;
			attributes = {
				LastUpgradeCheck = 0460;
				ORGANIZATIONNAME = "Les Petits Débrouillards Bretagne";
			};
			buildConfigurationList = A5EA0B4116BEBBF6004DFA06 /* Build configuration list for PBXProject "EGOPhotoViewer" */;
			compatibilityVersion = "Xcode 3.2";
			developmentRegion = English;
			hasScannedForEncodings = 0;
			knownRegions = (
				en,
			);
			mainGroup = A5EA0B3D16BEBBF6004DFA06;
			productRefGroup = A5EA0B4716BEBBF6004DFA06 /* Products */;
			projectDirPath = "";
			projectRoot = "";
			targets = (
				A5EA0B4516BEBBF6004DFA06 /* EGOPhotoViewer */,
			);
		};
/* End PBXProject section */

/* Begin PBXSourcesBuildPhase section */
		A5EA0B4216BEBBF6004DFA06 /* Sources */ = {
			isa = PBXSourcesBuildPhase;
			buildActionMask = 2147483647;
			files = (
				A5EA0B5F16BEBC5B004DFA06 /* EGOCache.m in Sources */,
				A5EA0B6016BEBC5B004DFA06 /* EGOImageLoadConnection.m in Sources */,
				A5EA0B6116BEBC5B004DFA06 /* EGOImageLoader.m in Sources */,
				A5EA0B8516BEBC6A004DFA06 /* EGOPhotoViewController.m in Sources */,
				A5EA0B8616BEBC6A004DFA06 /* EGOQuickPhoto.m in Sources */,
				A5EA0B8716BEBC6A004DFA06 /* EGOQuickPhotoSource.m in Sources */,
				A5EA0B8816BEBC6A004DFA06 /* EGOPhotoCaptionView.m in Sources */,
				A5EA0B8916BEBC6A004DFA06 /* EGOPhotoImageView.m in Sources */,
				A5EA0B8A16BEBC6A004DFA06 /* EGOPhotoScrollView.m in Sources */,
			);
			runOnlyForDeploymentPostprocessing = 0;
		};
/* End PBXSourcesBuildPhase section */

/* Begin XCBuildConfiguration section */
		A5EA0B5216BEBBF6004DFA06 /* Debug */ = {
			isa = XCBuildConfiguration;
			buildSettings = {
				ALWAYS_SEARCH_USER_PATHS = NO;
				CLANG_CXX_LANGUAGE_STANDARD = "gnu++0x";
				CLANG_CXX_LIBRARY = "libc++";
				CLANG_ENABLE_OBJC_ARC = YES;
				CLANG_WARN_CONSTANT_CONVERSION = YES;
				CLANG_WARN_EMPTY_BODY = YES;
				CLANG_WARN_ENUM_CONVERSION = YES;
				CLANG_WARN_INT_CONVERSION = YES;
				CLANG_WARN__DUPLICATE_METHOD_MATCH = YES;
				COPY_PHASE_STRIP = NO;
				GCC_C_LANGUAGE_STANDARD = gnu99;
				GCC_DYNAMIC_NO_PIC = NO;
				GCC_OPTIMIZATION_LEVEL = 0;
				GCC_PREPROCESSOR_DEFINITIONS = (
					"DEBUG=1",
					"$(inherited)",
				);
				GCC_SYMBOLS_PRIVATE_EXTERN = NO;
				GCC_WARN_ABOUT_RETURN_TYPE = YES;
				GCC_WARN_UNINITIALIZED_AUTOS = YES;
				GCC_WARN_UNUSED_VARIABLE = YES;
				IPHONEOS_DEPLOYMENT_TARGET = 5.0;
				ONLY_ACTIVE_ARCH = NO;
				OTHER_LDFLAGS = "-ObjC";
				SDKROOT = iphoneos;
			};
			name = Debug;
		};
		A5EA0B5316BEBBF6004DFA06 /* Release */ = {
			isa = XCBuildConfiguration;
			buildSettings = {
				ALWAYS_SEARCH_USER_PATHS = NO;
				CLANG_CXX_LANGUAGE_STANDARD = "gnu++0x";
				CLANG_CXX_LIBRARY = "libc++";
				CLANG_ENABLE_OBJC_ARC = YES;
				CLANG_WARN_CONSTANT_CONVERSION = YES;
				CLANG_WARN_EMPTY_BODY = YES;
				CLANG_WARN_ENUM_CONVERSION = YES;
				CLANG_WARN_INT_CONVERSION = YES;
				CLANG_WARN__DUPLICATE_METHOD_MATCH = YES;
				COPY_PHASE_STRIP = YES;
				GCC_C_LANGUAGE_STANDARD = gnu99;
				GCC_WARN_ABOUT_RETURN_TYPE = YES;
				GCC_WARN_UNINITIALIZED_AUTOS = YES;
				GCC_WARN_UNUSED_VARIABLE = YES;
				IPHONEOS_DEPLOYMENT_TARGET = 5.0;
				OTHER_LDFLAGS = "-ObjC";
				SDKROOT = iphoneos;
				VALIDATE_PRODUCT = YES;
			};
			name = Release;
		};
		A5EA0B5516BEBBF6004DFA06 /* Debug */ = {
			isa = XCBuildConfiguration;
			buildSettings = {
				CLANG_ENABLE_OBJC_ARC = NO;
				DSTROOT = /tmp/EGOPhotoViewer.dst;
				GCC_PRECOMPILE_PREFIX_HEADER = YES;
				GCC_PREFIX_HEADER = "EGOPhotoViewer/EGOPhotoViewer-Prefix.pch";
				ONLY_ACTIVE_ARCH = NO;
				OTHER_LDFLAGS = "-ObjC";
				PRODUCT_NAME = "$(TARGET_NAME)";
				SKIP_INSTALL = YES;
			};
			name = Debug;
		};
		A5EA0B5616BEBBF6004DFA06 /* Release */ = {
			isa = XCBuildConfiguration;
			buildSettings = {
				CLANG_ENABLE_OBJC_ARC = NO;
				DSTROOT = /tmp/EGOPhotoViewer.dst;
				GCC_PRECOMPILE_PREFIX_HEADER = YES;
				GCC_PREFIX_HEADER = "EGOPhotoViewer/EGOPhotoViewer-Prefix.pch";
				OTHER_LDFLAGS = "-ObjC";
				PRODUCT_NAME = "$(TARGET_NAME)";
				SKIP_INSTALL = YES;
			};
			name = Release;
		};
/* End XCBuildConfiguration section */

/* Begin XCConfigurationList section */
		A5EA0B4116BEBBF6004DFA06 /* Build configuration list for PBXProject "EGOPhotoViewer" */ = {
			isa = XCConfigurationList;
			buildConfigurations = (
				A5EA0B5216BEBBF6004DFA06 /* Debug */,
				A5EA0B5316BEBBF6004DFA06 /* Release */,
			);
			defaultConfigurationIsVisible = 0;
			defaultConfigurationName = Release;
		};
		A5EA0B5416BEBBF6004DFA06 /* Build configuration list for PBXNativeTarget "EGOPhotoViewer" */ = {
			isa = XCConfigurationList;
			buildConfigurations = (
				A5EA0B5516BEBBF6004DFA06 /* Debug */,
				A5EA0B5616BEBBF6004DFA06 /* Release */,
			);
			defaultConfigurationIsVisible = 0;
			defaultConfigurationName = Release;
		};
/* End XCConfigurationList section */
	};
	rootObject = A5EA0B3E16BEBBF6004DFA06 /* Project object */;
}
