// !$*UTF8*$!
{
	archiveVersion = 1;
	classes = {
	};
	objectVersion = 46;
	objects = {

/* Begin PBXBuildFile section */
		A5E0B1C71777159F00CD4CCF /* Foundation.framework in Frameworks */ = {isa = PBXBuildFile; fileRef = A5E0B1C61777159F00CD4CCF /* Foundation.framework */; };
		A5E0B1C91777159F00CD4CCF /* CoreGraphics.framework in Frameworks */ = {isa = PBXBuildFile; fileRef = A5E0B1C81777159F00CD4CCF /* CoreGraphics.framework */; };
		A5E0B1CB1777159F00CD4CCF /* UIKit.framework in Frameworks */ = {isa = PBXBuildFile; fileRef = A5E0B1CA1777159F00CD4CCF /* UIKit.framework */; };
		A5E0B1D11777159F00CD4CCF /* InfoPlist.strings in Resources */ = {isa = PBXBuildFile; fileRef = A5E0B1CF1777159F00CD4CCF /* InfoPlist.strings */; };
		A5E0B1D31777159F00CD4CCF /* main.m in Sources */ = {isa = PBXBuildFile; fileRef = A5E0B1D21777159F00CD4CCF /* main.m */; };
		A5E0B1D71777159F00CD4CCF /* LTAppDelegate.m in Sources */ = {isa = PBXBuildFile; fileRef = A5E0B1D61777159F00CD4CCF /* LTAppDelegate.m */; };
		A5E0B1D91777159F00CD4CCF /* Images.xcassets in Resources */ = {isa = PBXBuildFile; fileRef = A5E0B1D81777159F00CD4CCF /* Images.xcassets */; };
		A5E0B1E01777159F00CD4CCF /* XCTest.framework in Frameworks */ = {isa = PBXBuildFile; fileRef = A5E0B1DF1777159F00CD4CCF /* XCTest.framework */; };
		A5E0B1E11777159F00CD4CCF /* Foundation.framework in Frameworks */ = {isa = PBXBuildFile; fileRef = A5E0B1C61777159F00CD4CCF /* Foundation.framework */; };
		A5E0B1E21777159F00CD4CCF /* UIKit.framework in Frameworks */ = {isa = PBXBuildFile; fileRef = A5E0B1CA1777159F00CD4CCF /* UIKit.framework */; };
		A5E0B1EA1777159F00CD4CCF /* InfoPlist.strings in Resources */ = {isa = PBXBuildFile; fileRef = A5E0B1E81777159F00CD4CCF /* InfoPlist.strings */; };
		A5E0B1EC1777159F00CD4CCF /* LesTaxinomesTests.m in Sources */ = {isa = PBXBuildFile; fileRef = A5E0B1EB1777159F00CD4CCF /* LesTaxinomesTests.m */; };
		A5E0B1FA1777180E00CD4CCF /* Foundation.framework in Frameworks */ = {isa = PBXBuildFile; fileRef = A5E0B1C61777159F00CD4CCF /* Foundation.framework */; };
		A5E0B1FB1777180E00CD4CCF /* CoreGraphics.framework in Frameworks */ = {isa = PBXBuildFile; fileRef = A5E0B1C81777159F00CD4CCF /* CoreGraphics.framework */; };
		A5E0B1FC1777180E00CD4CCF /* UIKit.framework in Frameworks */ = {isa = PBXBuildFile; fileRef = A5E0B1CA1777159F00CD4CCF /* UIKit.framework */; };
		A5E0B1FE1777180E00CD4CCF /* CoreData.framework in Frameworks */ = {isa = PBXBuildFile; fileRef = A5E0B1FD1777180E00CD4CCF /* CoreData.framework */; };
		A5E0B20F1777180E00CD4CCF /* Images.xcassets in Resources */ = {isa = PBXBuildFile; fileRef = A5E0B20E1777180E00CD4CCF /* Images.xcassets */; };
		A5E0B2291777183A00CD4CCF /* LTAppDelegate.m in Sources */ = {isa = PBXBuildFile; fileRef = A5E0B1D61777159F00CD4CCF /* LTAppDelegate.m */; };
		A5E0B22A1777190700CD4CCF /* main.m in Sources */ = {isa = PBXBuildFile; fileRef = A5E0B1D21777159F00CD4CCF /* main.m */; };
		A5E0B22B1777197200CD4CCF /* libPods.a in Frameworks */ = {isa = PBXBuildFile; fileRef = ED7945A823D44B08AB80E718 /* libPods.a */; };
		A5E0B22C1777197300CD4CCF /* libPods.a in Frameworks */ = {isa = PBXBuildFile; fileRef = ED7945A823D44B08AB80E718 /* libPods.a */; };
		A5E0B22E177719A800CD4CCF /* MessageUI.framework in Frameworks */ = {isa = PBXBuildFile; fileRef = A5E0B22D177719A800CD4CCF /* MessageUI.framework */; };
		CCE20FCD975442CD9DF96DC4 /* libPods.a in Frameworks */ = {isa = PBXBuildFile; fileRef = ED7945A823D44B08AB80E718 /* libPods.a */; };
/* End PBXBuildFile section */

/* Begin PBXContainerItemProxy section */
		A5E0B1E31777159F00CD4CCF /* PBXContainerItemProxy */ = {
			isa = PBXContainerItemProxy;
			containerPortal = A5E0B1BB1777159F00CD4CCF /* Project object */;
			proxyType = 1;
			remoteGlobalIDString = A5E0B1C21777159F00CD4CCF;
			remoteInfo = LesTaxinomes;
		};
/* End PBXContainerItemProxy section */

/* Begin PBXFileReference section */
		A5E0B1C31777159F00CD4CCF /* LesTaxinomes.app */ = {isa = PBXFileReference; explicitFileType = wrapper.application; includeInIndex = 0; path = LesTaxinomes.app; sourceTree = BUILT_PRODUCTS_DIR; };
		A5E0B1C61777159F00CD4CCF /* Foundation.framework */ = {isa = PBXFileReference; lastKnownFileType = wrapper.framework; name = Foundation.framework; path = System/Library/Frameworks/Foundation.framework; sourceTree = SDKROOT; };
		A5E0B1C81777159F00CD4CCF /* CoreGraphics.framework */ = {isa = PBXFileReference; lastKnownFileType = wrapper.framework; name = CoreGraphics.framework; path = System/Library/Frameworks/CoreGraphics.framework; sourceTree = SDKROOT; };
		A5E0B1CA1777159F00CD4CCF /* UIKit.framework */ = {isa = PBXFileReference; lastKnownFileType = wrapper.framework; name = UIKit.framework; path = System/Library/Frameworks/UIKit.framework; sourceTree = SDKROOT; };
		A5E0B1CE1777159F00CD4CCF /* LesTaxinomes-Info.plist */ = {isa = PBXFileReference; lastKnownFileType = text.plist.xml; path = "LesTaxinomes-Info.plist"; sourceTree = "<group>"; };
		A5E0B1D01777159F00CD4CCF /* en */ = {isa = PBXFileReference; lastKnownFileType = text.plist.strings; name = en; path = en.lproj/InfoPlist.strings; sourceTree = "<group>"; };
		A5E0B1D21777159F00CD4CCF /* main.m */ = {isa = PBXFileReference; lastKnownFileType = sourcecode.c.objc; path = main.m; sourceTree = "<group>"; };
		A5E0B1D41777159F00CD4CCF /* LesTaxinomes-Prefix.pch */ = {isa = PBXFileReference; lastKnownFileType = sourcecode.c.h; path = "LesTaxinomes-Prefix.pch"; sourceTree = "<group>"; };
		A5E0B1D51777159F00CD4CCF /* LTAppDelegate.h */ = {isa = PBXFileReference; lastKnownFileType = sourcecode.c.h; path = LTAppDelegate.h; sourceTree = "<group>"; };
		A5E0B1D61777159F00CD4CCF /* LTAppDelegate.m */ = {isa = PBXFileReference; lastKnownFileType = sourcecode.c.objc; path = LTAppDelegate.m; sourceTree = "<group>"; };
		A5E0B1D81777159F00CD4CCF /* Images.xcassets */ = {isa = PBXFileReference; lastKnownFileType = folder.assetcatalog; path = Images.xcassets; sourceTree = "<group>"; };
		A5E0B1DE1777159F00CD4CCF /* LesTaxinomesTests.xctest */ = {isa = PBXFileReference; explicitFileType = wrapper.cfbundle; includeInIndex = 0; path = LesTaxinomesTests.xctest; sourceTree = BUILT_PRODUCTS_DIR; };
		A5E0B1DF1777159F00CD4CCF /* XCTest.framework */ = {isa = PBXFileReference; lastKnownFileType = wrapper.framework; name = XCTest.framework; path = Library/Frameworks/XCTest.framework; sourceTree = DEVELOPER_DIR; };
		A5E0B1E71777159F00CD4CCF /* LesTaxinomesTests-Info.plist */ = {isa = PBXFileReference; lastKnownFileType = text.plist.xml; path = "LesTaxinomesTests-Info.plist"; sourceTree = "<group>"; };
		A5E0B1E91777159F00CD4CCF /* en */ = {isa = PBXFileReference; lastKnownFileType = text.plist.strings; name = en; path = en.lproj/InfoPlist.strings; sourceTree = "<group>"; };
		A5E0B1EB1777159F00CD4CCF /* LesTaxinomesTests.m */ = {isa = PBXFileReference; lastKnownFileType = sourcecode.c.objc; path = LesTaxinomesTests.m; sourceTree = "<group>"; };
		A5E0B1F91777180E00CD4CCF /* Geodiversite.app */ = {isa = PBXFileReference; explicitFileType = wrapper.application; includeInIndex = 0; path = Geodiversite.app; sourceTree = BUILT_PRODUCTS_DIR; };
		A5E0B1FD1777180E00CD4CCF /* CoreData.framework */ = {isa = PBXFileReference; lastKnownFileType = wrapper.framework; name = CoreData.framework; path = System/Library/Frameworks/CoreData.framework; sourceTree = SDKROOT; };
		A5E0B2011777180E00CD4CCF /* Geodiversite-Info.plist */ = {isa = PBXFileReference; lastKnownFileType = text.plist.xml; path = "Geodiversite-Info.plist"; sourceTree = "<group>"; };
		A5E0B20E1777180E00CD4CCF /* Images.xcassets */ = {isa = PBXFileReference; lastKnownFileType = folder.assetcatalog; path = Images.xcassets; sourceTree = "<group>"; };
		A5E0B22D177719A800CD4CCF /* MessageUI.framework */ = {isa = PBXFileReference; lastKnownFileType = wrapper.framework; name = MessageUI.framework; path = System/Library/Frameworks/MessageUI.framework; sourceTree = SDKROOT; };
		D4F5BA4032F04217879D4033 /* Pods.xcconfig */ = {isa = PBXFileReference; includeInIndex = 1; lastKnownFileType = text.xcconfig; name = Pods.xcconfig; path = ../Pods/Pods.xcconfig; sourceTree = SOURCE_ROOT; };
		ED7945A823D44B08AB80E718 /* libPods.a */ = {isa = PBXFileReference; explicitFileType = archive.ar; includeInIndex = 0; path = libPods.a; sourceTree = BUILT_PRODUCTS_DIR; };
/* End PBXFileReference section */

/* Begin PBXFrameworksBuildPhase section */
		A5E0B1C01777159F00CD4CCF /* Frameworks */ = {
			isa = PBXFrameworksBuildPhase;
			buildActionMask = 2147483647;
			files = (
				A5E0B22E177719A800CD4CCF /* MessageUI.framework in Frameworks */,
				A5E0B1C91777159F00CD4CCF /* CoreGraphics.framework in Frameworks */,
				A5E0B1CB1777159F00CD4CCF /* UIKit.framework in Frameworks */,
				A5E0B1C71777159F00CD4CCF /* Foundation.framework in Frameworks */,
				CCE20FCD975442CD9DF96DC4 /* libPods.a in Frameworks */,
			);
			runOnlyForDeploymentPostprocessing = 0;
		};
		A5E0B1DB1777159F00CD4CCF /* Frameworks */ = {
			isa = PBXFrameworksBuildPhase;
			buildActionMask = 2147483647;
			files = (
				A5E0B1E01777159F00CD4CCF /* XCTest.framework in Frameworks */,
				A5E0B22C1777197300CD4CCF /* libPods.a in Frameworks */,
				A5E0B1E21777159F00CD4CCF /* UIKit.framework in Frameworks */,
				A5E0B1E11777159F00CD4CCF /* Foundation.framework in Frameworks */,
			);
			runOnlyForDeploymentPostprocessing = 0;
		};
		A5E0B1F61777180E00CD4CCF /* Frameworks */ = {
			isa = PBXFrameworksBuildPhase;
			buildActionMask = 2147483647;
			files = (
				A5E0B22B1777197200CD4CCF /* libPods.a in Frameworks */,
				A5E0B1FB1777180E00CD4CCF /* CoreGraphics.framework in Frameworks */,
				A5E0B1FE1777180E00CD4CCF /* CoreData.framework in Frameworks */,
				A5E0B1FC1777180E00CD4CCF /* UIKit.framework in Frameworks */,
				A5E0B1FA1777180E00CD4CCF /* Foundation.framework in Frameworks */,
			);
			runOnlyForDeploymentPostprocessing = 0;
		};
/* End PBXFrameworksBuildPhase section */

/* Begin PBXGroup section */
		A5E0B1BA1777159F00CD4CCF = {
			isa = PBXGroup;
			children = (
				A5E0B1CC1777159F00CD4CCF /* LesTaxinomes */,
				A5E0B1FF1777180E00CD4CCF /* Geodiversite */,
				A5E0B1E51777159F00CD4CCF /* LesTaxinomesTests */,
				A5E0B1C51777159F00CD4CCF /* Frameworks */,
				A5E0B1C41777159F00CD4CCF /* Products */,
				D4F5BA4032F04217879D4033 /* Pods.xcconfig */,
			);
			sourceTree = "<group>";
		};
		A5E0B1C41777159F00CD4CCF /* Products */ = {
			isa = PBXGroup;
			children = (
				A5E0B1C31777159F00CD4CCF /* LesTaxinomes.app */,
				A5E0B1DE1777159F00CD4CCF /* LesTaxinomesTests.xctest */,
				A5E0B1F91777180E00CD4CCF /* Geodiversite.app */,
			);
			name = Products;
			sourceTree = "<group>";
		};
		A5E0B1C51777159F00CD4CCF /* Frameworks */ = {
			isa = PBXGroup;
			children = (
				A5E0B22D177719A800CD4CCF /* MessageUI.framework */,
				A5E0B1C61777159F00CD4CCF /* Foundation.framework */,
				A5E0B1C81777159F00CD4CCF /* CoreGraphics.framework */,
				A5E0B1CA1777159F00CD4CCF /* UIKit.framework */,
				A5E0B1DF1777159F00CD4CCF /* XCTest.framework */,
				ED7945A823D44B08AB80E718 /* libPods.a */,
				A5E0B1FD1777180E00CD4CCF /* CoreData.framework */,
			);
			name = Frameworks;
			sourceTree = "<group>";
		};
		A5E0B1CC1777159F00CD4CCF /* LesTaxinomes */ = {
			isa = PBXGroup;
			children = (
				A5E0B1D51777159F00CD4CCF /* LTAppDelegate.h */,
				A5E0B1D61777159F00CD4CCF /* LTAppDelegate.m */,
				A5E0B1D81777159F00CD4CCF /* Images.xcassets */,
				A5E0B1CD1777159F00CD4CCF /* Supporting Files */,
			);
			path = LesTaxinomes;
			sourceTree = "<group>";
		};
		A5E0B1CD1777159F00CD4CCF /* Supporting Files */ = {
			isa = PBXGroup;
			children = (
				A5E0B1CE1777159F00CD4CCF /* LesTaxinomes-Info.plist */,
				A5E0B1CF1777159F00CD4CCF /* InfoPlist.strings */,
				A5E0B1D21777159F00CD4CCF /* main.m */,
				A5E0B1D41777159F00CD4CCF /* LesTaxinomes-Prefix.pch */,
			);
			name = "Supporting Files";
			sourceTree = "<group>";
		};
		A5E0B1E51777159F00CD4CCF /* LesTaxinomesTests */ = {
			isa = PBXGroup;
			children = (
				A5E0B1EB1777159F00CD4CCF /* LesTaxinomesTests.m */,
				A5E0B1E61777159F00CD4CCF /* Supporting Files */,
			);
			path = LesTaxinomesTests;
			sourceTree = "<group>";
		};
		A5E0B1E61777159F00CD4CCF /* Supporting Files */ = {
			isa = PBXGroup;
			children = (
				A5E0B1E71777159F00CD4CCF /* LesTaxinomesTests-Info.plist */,
				A5E0B1E81777159F00CD4CCF /* InfoPlist.strings */,
			);
			name = "Supporting Files";
			sourceTree = "<group>";
		};
		A5E0B1FF1777180E00CD4CCF /* Geodiversite */ = {
			isa = PBXGroup;
			children = (
				A5E0B20E1777180E00CD4CCF /* Images.xcassets */,
				A5E0B2001777180E00CD4CCF /* Supporting Files */,
			);
			path = Geodiversite;
			sourceTree = "<group>";
		};
		A5E0B2001777180E00CD4CCF /* Supporting Files */ = {
			isa = PBXGroup;
			children = (
				A5E0B2011777180E00CD4CCF /* Geodiversite-Info.plist */,
			);
			name = "Supporting Files";
			sourceTree = "<group>";
		};
/* End PBXGroup section */

/* Begin PBXNativeTarget section */
		A5E0B1C21777159F00CD4CCF /* LesTaxinomes */ = {
			isa = PBXNativeTarget;
			buildConfigurationList = A5E0B1EF1777159F00CD4CCF /* Build configuration list for PBXNativeTarget "LesTaxinomes" */;
			buildPhases = (
				88A80F9C29DE4458BA02A1AF /* Check Pods Manifest.lock */,
				A5E0B1BF1777159F00CD4CCF /* Sources */,
				A5E0B1C01777159F00CD4CCF /* Frameworks */,
				A5E0B1C11777159F00CD4CCF /* Resources */,
				E982CF8679FE471C94DE2F2A /* Copy Pods Resources */,
			);
			buildRules = (
			);
			dependencies = (
			);
			name = LesTaxinomes;
			productName = LesTaxinomes;
			productReference = A5E0B1C31777159F00CD4CCF /* LesTaxinomes.app */;
			productType = "com.apple.product-type.application";
		};
		A5E0B1DD1777159F00CD4CCF /* LesTaxinomesTests */ = {
			isa = PBXNativeTarget;
			buildConfigurationList = A5E0B1F21777159F00CD4CCF /* Build configuration list for PBXNativeTarget "LesTaxinomesTests" */;
			buildPhases = (
				A5E0B1DA1777159F00CD4CCF /* Sources */,
				A5E0B1DB1777159F00CD4CCF /* Frameworks */,
				A5E0B1DC1777159F00CD4CCF /* Resources */,
			);
			buildRules = (
			);
			dependencies = (
				A5E0B1E41777159F00CD4CCF /* PBXTargetDependency */,
			);
			name = LesTaxinomesTests;
			productName = LesTaxinomesTests;
			productReference = A5E0B1DE1777159F00CD4CCF /* LesTaxinomesTests.xctest */;
			productType = "com.apple.product-type.bundle.unit-test";
		};
		A5E0B1F81777180E00CD4CCF /* Geodiversite */ = {
			isa = PBXNativeTarget;
			buildConfigurationList = A5E0B2271777180E00CD4CCF /* Build configuration list for PBXNativeTarget "Geodiversite" */;
			buildPhases = (
				A5E0B1F51777180E00CD4CCF /* Sources */,
				A5E0B1F61777180E00CD4CCF /* Frameworks */,
				A5E0B1F71777180E00CD4CCF /* Resources */,
			);
			buildRules = (
			);
			dependencies = (
			);
			name = Geodiversite;
			productName = Geodiversite;
			productReference = A5E0B1F91777180E00CD4CCF /* Geodiversite.app */;
			productType = "com.apple.product-type.application";
		};
/* End PBXNativeTarget section */

/* Begin PBXProject section */
		A5E0B1BB1777159F00CD4CCF /* Project object */ = {
			isa = PBXProject;
			attributes = {
				CLASSPREFIX = LT;
				LastUpgradeCheck = 0500;
				ORGANIZATIONNAME = "Les Petits Débrouillards Bretagne";
				TargetAttributes = {
					A5E0B1DD1777159F00CD4CCF = {
						TestTargetID = A5E0B1C21777159F00CD4CCF;
					};
				};
			};
			buildConfigurationList = A5E0B1BE1777159F00CD4CCF /* Build configuration list for PBXProject "LesTaxinomes" */;
			compatibilityVersion = "Xcode 3.2";
			developmentRegion = English;
			hasScannedForEncodings = 0;
			knownRegions = (
				en,
			);
			mainGroup = A5E0B1BA1777159F00CD4CCF;
			productRefGroup = A5E0B1C41777159F00CD4CCF /* Products */;
			projectDirPath = "";
			projectRoot = "";
			targets = (
				A5E0B1C21777159F00CD4CCF /* LesTaxinomes */,
				A5E0B1F81777180E00CD4CCF /* Geodiversite */,
				A5E0B1DD1777159F00CD4CCF /* LesTaxinomesTests */,
			);
		};
/* End PBXProject section */

/* Begin PBXResourcesBuildPhase section */
		A5E0B1C11777159F00CD4CCF /* Resources */ = {
			isa = PBXResourcesBuildPhase;
			buildActionMask = 2147483647;
			files = (
				A5E0B1D11777159F00CD4CCF /* InfoPlist.strings in Resources */,
				A5E0B1D91777159F00CD4CCF /* Images.xcassets in Resources */,
			);
			runOnlyForDeploymentPostprocessing = 0;
		};
		A5E0B1DC1777159F00CD4CCF /* Resources */ = {
			isa = PBXResourcesBuildPhase;
			buildActionMask = 2147483647;
			files = (
				A5E0B1EA1777159F00CD4CCF /* InfoPlist.strings in Resources */,
			);
			runOnlyForDeploymentPostprocessing = 0;
		};
		A5E0B1F71777180E00CD4CCF /* Resources */ = {
			isa = PBXResourcesBuildPhase;
			buildActionMask = 2147483647;
			files = (
				A5E0B20F1777180E00CD4CCF /* Images.xcassets in Resources */,
			);
			runOnlyForDeploymentPostprocessing = 0;
		};
/* End PBXResourcesBuildPhase section */

/* Begin PBXShellScriptBuildPhase section */
		88A80F9C29DE4458BA02A1AF /* Check Pods Manifest.lock */ = {
			isa = PBXShellScriptBuildPhase;
			buildActionMask = 2147483647;
			files = (
			);
			inputPaths = (
			);
			name = "Check Pods Manifest.lock";
			outputPaths = (
			);
			runOnlyForDeploymentPostprocessing = 0;
			shellPath = /bin/sh;
			shellScript = "diff \"${PODS_ROOT}/../Podfile.lock\" \"${PODS_ROOT}/Manifest.lock\" > /dev/null\nif [[ $? != 0 ]] ; then\n    cat << EOM\nerror: The sandbox is not in sync with the Podfile.lock. Run 'pod install' or update your CocoaPods installation.\nEOM\n    exit 1\nfi\n";
		};
		E982CF8679FE471C94DE2F2A /* Copy Pods Resources */ = {
			isa = PBXShellScriptBuildPhase;
			buildActionMask = 2147483647;
			files = (
			);
			inputPaths = (
			);
			name = "Copy Pods Resources";
			outputPaths = (
			);
			runOnlyForDeploymentPostprocessing = 0;
			shellPath = /bin/sh;
			shellScript = "\"${SRCROOT}/../Pods/Pods-resources.sh\"\n";
		};
/* End PBXShellScriptBuildPhase section */

/* Begin PBXSourcesBuildPhase section */
		A5E0B1BF1777159F00CD4CCF /* Sources */ = {
			isa = PBXSourcesBuildPhase;
			buildActionMask = 2147483647;
			files = (
				A5E0B1D71777159F00CD4CCF /* LTAppDelegate.m in Sources */,
				A5E0B1D31777159F00CD4CCF /* main.m in Sources */,
			);
			runOnlyForDeploymentPostprocessing = 0;
		};
		A5E0B1DA1777159F00CD4CCF /* Sources */ = {
			isa = PBXSourcesBuildPhase;
			buildActionMask = 2147483647;
			files = (
				A5E0B1EC1777159F00CD4CCF /* LesTaxinomesTests.m in Sources */,
			);
			runOnlyForDeploymentPostprocessing = 0;
		};
		A5E0B1F51777180E00CD4CCF /* Sources */ = {
			isa = PBXSourcesBuildPhase;
			buildActionMask = 2147483647;
			files = (
				A5E0B22A1777190700CD4CCF /* main.m in Sources */,
				A5E0B2291777183A00CD4CCF /* LTAppDelegate.m in Sources */,
			);
			runOnlyForDeploymentPostprocessing = 0;
		};
/* End PBXSourcesBuildPhase section */

/* Begin PBXTargetDependency section */
		A5E0B1E41777159F00CD4CCF /* PBXTargetDependency */ = {
			isa = PBXTargetDependency;
			target = A5E0B1C21777159F00CD4CCF /* LesTaxinomes */;
			targetProxy = A5E0B1E31777159F00CD4CCF /* PBXContainerItemProxy */;
		};
/* End PBXTargetDependency section */

/* Begin PBXVariantGroup section */
		A5E0B1CF1777159F00CD4CCF /* InfoPlist.strings */ = {
			isa = PBXVariantGroup;
			children = (
				A5E0B1D01777159F00CD4CCF /* en */,
			);
			name = InfoPlist.strings;
			sourceTree = "<group>";
		};
		A5E0B1E81777159F00CD4CCF /* InfoPlist.strings */ = {
			isa = PBXVariantGroup;
			children = (
				A5E0B1E91777159F00CD4CCF /* en */,
			);
			name = InfoPlist.strings;
			sourceTree = "<group>";
		};
/* End PBXVariantGroup section */

/* Begin XCBuildConfiguration section */
		A5E0B1ED1777159F00CD4CCF /* Debug */ = {
			isa = XCBuildConfiguration;
			buildSettings = {
				ALWAYS_SEARCH_USER_PATHS = NO;
				CLANG_CXX_LANGUAGE_STANDARD = "gnu++0x";
				CLANG_CXX_LIBRARY = "libc++";
				CLANG_ENABLE_MODULES = YES;
				CLANG_ENABLE_OBJC_ARC = YES;
				CLANG_WARN_BOOL_CONVERSION = YES;
				CLANG_WARN_CONSTANT_CONVERSION = YES;
				CLANG_WARN_DIRECT_OBJC_ISA_USAGE = YES_ERROR;
				CLANG_WARN_EMPTY_BODY = YES;
				CLANG_WARN_ENUM_CONVERSION = YES;
				CLANG_WARN_INT_CONVERSION = YES;
				CLANG_WARN_OBJC_ROOT_CLASS = YES_ERROR;
				CLANG_WARN__DUPLICATE_METHOD_MATCH = YES;
				CODE_SIGN_IDENTITY = "iPhone Developer";
				"CODE_SIGN_IDENTITY[sdk=iphoneos*]" = "iPhone Developer";
				COPY_PHASE_STRIP = NO;
				GCC_C_LANGUAGE_STANDARD = gnu99;
				GCC_DYNAMIC_NO_PIC = NO;
				GCC_OPTIMIZATION_LEVEL = 0;
				GCC_PREPROCESSOR_DEFINITIONS = (
					"DEBUG=1",
					"$(inherited)",
				);
				GCC_SYMBOLS_PRIVATE_EXTERN = NO;
				GCC_WARN_ABOUT_RETURN_TYPE = YES_ERROR;
				GCC_WARN_UNDECLARED_SELECTOR = YES;
				GCC_WARN_UNINITIALIZED_AUTOS = YES;
				GCC_WARN_UNUSED_FUNCTION = YES;
				GCC_WARN_UNUSED_VARIABLE = YES;
				IPHONEOS_DEPLOYMENT_TARGET = 7.0;
				ONLY_ACTIVE_ARCH = YES;
				SDKROOT = iphoneos;
				TARGETED_DEVICE_FAMILY = "1,2";
			};
			name = Debug;
		};
		A5E0B1EE1777159F00CD4CCF /* Release */ = {
			isa = XCBuildConfiguration;
			buildSettings = {
				ALWAYS_SEARCH_USER_PATHS = NO;
				CLANG_CXX_LANGUAGE_STANDARD = "gnu++0x";
				CLANG_CXX_LIBRARY = "libc++";
				CLANG_ENABLE_MODULES = YES;
				CLANG_ENABLE_OBJC_ARC = YES;
				CLANG_WARN_BOOL_CONVERSION = YES;
				CLANG_WARN_CONSTANT_CONVERSION = YES;
				CLANG_WARN_DIRECT_OBJC_ISA_USAGE = YES_ERROR;
				CLANG_WARN_EMPTY_BODY = YES;
				CLANG_WARN_ENUM_CONVERSION = YES;
				CLANG_WARN_INT_CONVERSION = YES;
				CLANG_WARN_OBJC_ROOT_CLASS = YES_ERROR;
				CLANG_WARN__DUPLICATE_METHOD_MATCH = YES;
				CODE_SIGN_IDENTITY = "iPhone Distribution";
				"CODE_SIGN_IDENTITY[sdk=iphoneos*]" = "iPhone Distribution";
				COPY_PHASE_STRIP = YES;
				ENABLE_NS_ASSERTIONS = NO;
				GCC_C_LANGUAGE_STANDARD = gnu99;
				GCC_WARN_ABOUT_RETURN_TYPE = YES_ERROR;
				GCC_WARN_UNDECLARED_SELECTOR = YES;
				GCC_WARN_UNINITIALIZED_AUTOS = YES;
				GCC_WARN_UNUSED_FUNCTION = YES;
				GCC_WARN_UNUSED_VARIABLE = YES;
				IPHONEOS_DEPLOYMENT_TARGET = 7.0;
				SDKROOT = iphoneos;
				TARGETED_DEVICE_FAMILY = "1,2";
				VALIDATE_PRODUCT = YES;
			};
			name = Release;
		};
		A5E0B1F01777159F00CD4CCF /* Debug */ = {
			isa = XCBuildConfiguration;
			baseConfigurationReference = D4F5BA4032F04217879D4033 /* Pods.xcconfig */;
			buildSettings = {
				ASSETCATALOG_COMPILER_APPICON_NAME = AppIcon;
				ASSETCATALOG_COMPILER_LAUNCHIMAGE_NAME = LaunchImage;
				CODE_SIGN_IDENTITY = "iPhone Developer";
				GCC_PRECOMPILE_PREFIX_HEADER = YES;
				GCC_PREFIX_HEADER = "LesTaxinomes/LesTaxinomes-Prefix.pch";
				INFOPLIST_FILE = "LesTaxinomes/LesTaxinomes-Info.plist";
				IPHONEOS_DEPLOYMENT_TARGET = 5.0;
				PRODUCT_NAME = "$(TARGET_NAME)";
				TARGETED_DEVICE_FAMILY = 1;
				WRAPPER_EXTENSION = app;
			};
			name = Debug;
		};
		A5E0B1F11777159F00CD4CCF /* Release */ = {
			isa = XCBuildConfiguration;
			baseConfigurationReference = D4F5BA4032F04217879D4033 /* Pods.xcconfig */;
			buildSettings = {
				ASSETCATALOG_COMPILER_APPICON_NAME = AppIcon;
				ASSETCATALOG_COMPILER_LAUNCHIMAGE_NAME = LaunchImage;
				CODE_SIGN_IDENTITY = "iPhone Distribution";
				GCC_PRECOMPILE_PREFIX_HEADER = YES;
				GCC_PREFIX_HEADER = "LesTaxinomes/LesTaxinomes-Prefix.pch";
				INFOPLIST_FILE = "LesTaxinomes/LesTaxinomes-Info.plist";
				IPHONEOS_DEPLOYMENT_TARGET = 5.0;
				PRODUCT_NAME = "$(TARGET_NAME)";
				TARGETED_DEVICE_FAMILY = 1;
				WRAPPER_EXTENSION = app;
			};
			name = Release;
		};
		A5E0B1F31777159F00CD4CCF /* Debug */ = {
			isa = XCBuildConfiguration;
			buildSettings = {
				BUNDLE_LOADER = "$(BUILT_PRODUCTS_DIR)/LesTaxinomes.app/LesTaxinomes";
				FRAMEWORK_SEARCH_PATHS = (
					"$(SDKROOT)/Developer/Library/Frameworks",
					"$(inherited)",
					"$(SYSTEM_APPS_DIR)/Xcode5-DP.app/Contents/Developer/Library/Frameworks",
				);
				GCC_PRECOMPILE_PREFIX_HEADER = YES;
				GCC_PREFIX_HEADER = "LesTaxinomes/LesTaxinomes-Prefix.pch";
				GCC_PREPROCESSOR_DEFINITIONS = (
					"DEBUG=1",
					"$(inherited)",
				);
				INFOPLIST_FILE = "LesTaxinomesTests/LesTaxinomesTests-Info.plist";
				PRODUCT_NAME = "$(TARGET_NAME)";
				TEST_HOST = "$(BUNDLE_LOADER)";
				WRAPPER_EXTENSION = xctest;
			};
			name = Debug;
		};
		A5E0B1F41777159F00CD4CCF /* Release */ = {
			isa = XCBuildConfiguration;
			buildSettings = {
				BUNDLE_LOADER = "$(BUILT_PRODUCTS_DIR)/LesTaxinomes.app/LesTaxinomes";
				FRAMEWORK_SEARCH_PATHS = (
					"$(SDKROOT)/Developer/Library/Frameworks",
					"$(inherited)",
					"$(SYSTEM_APPS_DIR)/Xcode5-DP.app/Contents/Developer/Library/Frameworks",
				);
				GCC_PRECOMPILE_PREFIX_HEADER = YES;
				GCC_PREFIX_HEADER = "LesTaxinomes/LesTaxinomes-Prefix.pch";
				INFOPLIST_FILE = "LesTaxinomesTests/LesTaxinomesTests-Info.plist";
				PRODUCT_NAME = "$(TARGET_NAME)";
				TEST_HOST = "$(BUNDLE_LOADER)";
				WRAPPER_EXTENSION = xctest;
			};
			name = Release;
		};
		A5E0B2231777180E00CD4CCF /* Debug */ = {
			isa = XCBuildConfiguration;
			buildSettings = {
				ASSETCATALOG_COMPILER_APPICON_NAME = AppIcon;
				ASSETCATALOG_COMPILER_LAUNCHIMAGE_NAME = LaunchImage;
				CODE_SIGN_IDENTITY = "iPhone Developer";
				GCC_PRECOMPILE_PREFIX_HEADER = YES;
				GCC_PREFIX_HEADER = "LesTaxinomes/LesTaxinomes-Prefix.pch";
				GCC_PREPROCESSOR_DEFINITIONS = (
					"DEBUG=1",
					"$(inherited)",
				);
				INFOPLIST_FILE = "Geodiversite/Geodiversite-Info.plist";
				IPHONEOS_DEPLOYMENT_TARGET = 5.0;
				PRODUCT_NAME = "$(TARGET_NAME)";
				TARGETED_DEVICE_FAMILY = 1;
				WRAPPER_EXTENSION = app;
			};
			name = Debug;
		};
		A5E0B2241777180E00CD4CCF /* Release */ = {
			isa = XCBuildConfiguration;
			buildSettings = {
				ASSETCATALOG_COMPILER_APPICON_NAME = AppIcon;
				ASSETCATALOG_COMPILER_LAUNCHIMAGE_NAME = LaunchImage;
				CODE_SIGN_IDENTITY = "iPhone Distribution";
				GCC_PRECOMPILE_PREFIX_HEADER = YES;
				GCC_PREFIX_HEADER = "LesTaxinomes/LesTaxinomes-Prefix.pch";
				INFOPLIST_FILE = "Geodiversite/Geodiversite-Info.plist";
				IPHONEOS_DEPLOYMENT_TARGET = 5.0;
				PRODUCT_NAME = "$(TARGET_NAME)";
				TARGETED_DEVICE_FAMILY = 1;
				WRAPPER_EXTENSION = app;
			};
			name = Release;
		};
/* End XCBuildConfiguration section */

/* Begin XCConfigurationList section */
		A5E0B1BE1777159F00CD4CCF /* Build configuration list for PBXProject "LesTaxinomes" */ = {
			isa = XCConfigurationList;
			buildConfigurations = (
				A5E0B1ED1777159F00CD4CCF /* Debug */,
				A5E0B1EE1777159F00CD4CCF /* Release */,
			);
			defaultConfigurationIsVisible = 0;
			defaultConfigurationName = Release;
		};
		A5E0B1EF1777159F00CD4CCF /* Build configuration list for PBXNativeTarget "LesTaxinomes" */ = {
			isa = XCConfigurationList;
			buildConfigurations = (
				A5E0B1F01777159F00CD4CCF /* Debug */,
				A5E0B1F11777159F00CD4CCF /* Release */,
			);
			defaultConfigurationIsVisible = 0;
			defaultConfigurationName = Release;
		};
		A5E0B1F21777159F00CD4CCF /* Build configuration list for PBXNativeTarget "LesTaxinomesTests" */ = {
			isa = XCConfigurationList;
			buildConfigurations = (
				A5E0B1F31777159F00CD4CCF /* Debug */,
				A5E0B1F41777159F00CD4CCF /* Release */,
			);
			defaultConfigurationIsVisible = 0;
			defaultConfigurationName = Release;
		};
		A5E0B2271777180E00CD4CCF /* Build configuration list for PBXNativeTarget "Geodiversite" */ = {
			isa = XCConfigurationList;
			buildConfigurations = (
				A5E0B2231777180E00CD4CCF /* Debug */,
				A5E0B2241777180E00CD4CCF /* Release */,
			);
			defaultConfigurationIsVisible = 0;
			defaultConfigurationName = Release;
		};
/* End XCConfigurationList section */
	};
	rootObject = A5E0B1BB1777159F00CD4CCF /* Project object */;
}
